
Microsoft Visual Studio Solution File, Format Version 12.00
# Visual Studio Version 16
VisualStudioVersion = 16.0.30804.86
MinimumVisualStudioVersion = 10.0.40219.1
Project("{FAE04EC0-301F-11D3-BF4B-00C04F79EFBC}") = "Debt", "Debt\Debt.csproj", "{D2A80952-DA6E-4B2C-AF00-D01125C39821}"
EndProject
Global
	GlobalSection(SolutionConfigurationPlatforms) = preSolution
		Debug|Any CPU = Debug|Any CPU
		Release|Any CPU = Release|Any CPU
	EndGlobalSection
	GlobalSection(ProjectConfigurationPlatforms) = postSolution
		{D2A80952-DA6E-4B2C-AF00-D01125C39821}.Debug|Any CPU.ActiveCfg = Debug|Any CPU
		{D2A80952-DA6E-4B2C-AF00-D01125C39821}.Debug|Any CPU.Build.0 = Debug|Any CPU
		{D2A80952-DA6E-4B2C-AF00-D01125C39821}.Release|Any CPU.ActiveCfg = Release|Any CPU
		{D2A80952-DA6E-4B2C-AF00-D01125C39821}.Release|Any CPU.Build.0 = Release|Any CPU
	EndGlobalSection
	GlobalSection(SolutionProperties) = preSolution
		HideSolutionNode = FALSE
	EndGlobalSection
	GlobalSection(ExtensibilityGlobals) = postSolution
		SolutionGuid = {767B29E2-AFF8-4624-AF04-1F0082B55AC6}
	EndGlobalSection
EndGlobal
